
Microsoft Visual Studio Solution File, Format Version 12.00
# Visual Studio Version 17
VisualStudioVersion = 17.14.36518.9
MinimumVisualStudioVersion = 10.0.40219.1
Project("{FAE04EC0-301F-11D3-BF4B-00C04F79EFBC}") = "Training", "Training\Training.csproj", "{9866A8C9-E0DF-4D32-9263-EC0BADEA3990}"
EndProject
Project("{FAE04EC0-301F-11D3-BF4B-00C04F79EFBC}") = "WebformERP", "WebformERP\WebformERP.csproj", "{F2F31719-8C0C-496F-99EF-F55EBBB15723}"
EndProject
Project("{FAE04EC0-301F-11D3-BF4B-00C04F79EFBC}") = "dotnetcore_training", "dotnetcore_training\dotnetcore_training.csproj", "{A15C1276-32A9-4024-9026-10EF7182D2CF}"
EndProject
Global
	GlobalSection(SolutionConfigurationPlatforms) = preSolution
		Debug|Any CPU = Debug|Any CPU
		Release|Any CPU = Release|Any CPU
	EndGlobalSection
	GlobalSection(ProjectConfigurationPlatforms) = postSolution
		{9866A8C9-E0DF-4D32-9263-EC0BADEA3990}.Debug|Any CPU.ActiveCfg = Debug|Any CPU
		{9866A8C9-E0DF-4D32-9263-EC0BADEA3990}.Debug|Any CPU.Build.0 = Debug|Any CPU
		{9866A8C9-E0DF-4D32-9263-EC0BADEA3990}.Release|Any CPU.ActiveCfg = Release|Any CPU
		{9866A8C9-E0DF-4D32-9263-EC0BADEA3990}.Release|Any CPU.Build.0 = Release|Any CPU
		{F2F31719-8C0C-496F-99EF-F55EBBB15723}.Debug|Any CPU.ActiveCfg = Debug|Any CPU
		{F2F31719-8C0C-496F-99EF-F55EBBB15723}.Debug|Any CPU.Build.0 = Debug|Any CPU
		{F2F31719-8C0C-496F-99EF-F55EBBB15723}.Release|Any CPU.ActiveCfg = Release|Any CPU
		{F2F31719-8C0C-496F-99EF-F55EBBB15723}.Release|Any CPU.Build.0 = Release|Any CPU
		{A15C1276-32A9-4024-9026-10EF7182D2CF}.Debug|Any CPU.ActiveCfg = Debug|Any CPU
		{A15C1276-32A9-4024-9026-10EF7182D2CF}.Debug|Any CPU.Build.0 = Debug|Any CPU
		{A15C1276-32A9-4024-9026-10EF7182D2CF}.Release|Any CPU.ActiveCfg = Release|Any CPU
		{A15C1276-32A9-4024-9026-10EF7182D2CF}.Release|Any CPU.Build.0 = Release|Any CPU
	EndGlobalSection
	GlobalSection(SolutionProperties) = preSolution
		HideSolutionNode = FALSE
	EndGlobalSection
	GlobalSection(ExtensibilityGlobals) = postSolution
		SolutionGuid = {15F54844-6985-44FA-9EDD-EC796D3E9BC9}
	EndGlobalSection
EndGlobal
